hash: b71aae5b7b525d3e54cc877d96af42233048d6cbe24ca0ef4523f1a9f57a8100
updated: 2019-09-17T16:06:43.043537676+08:00
imports:
- name: github.com/BurntSushi/toml
  version: 3012a1dbe2e4bd1391d42b32f0577cb7bbc7f005
- name: github.com/gomodule/redigo
  version: 9c11da706d9b7902c6da69c592f75637793fe121
  subpackages:
  - redis
- name: github.com/liyuliang/queue-services
  version: a92fbb43f67c9bb34d66095056a557ad71884153
- name: github.com/liyuliang/utils
  version: cdeb9c4f8ad03d9dda49e181843debf3878b51de
  subpackages:
  - cli
  - path
testImports: []
