hash: d2c9e1260454bf22b0af377a6105e1e40274ca0d8d72463d306f75c98f9fd714
updated: 2019-09-17T14:00:01.242451137+08:00
imports:
- name: github.com/BurntSushi/toml
  version: 3012a1dbe2e4bd1391d42b32f0577cb7bbc7f005
- name: github.com/liyuliang/utils
  version: cdeb9c4f8ad03d9dda49e181843debf3878b51de
  subpackages:
  - cli
  - path
- name: github.com/patrickmn/go-cache
  version: a3647f8e31d79543b2d0f0ae2fe5c379d72cedc0
testImports: []
